
Microsoft Visual Studio Solution File, Format Version 12.00
# Visual Studio Version 17
VisualStudioVersion = 17.4.33403.182
MinimumVisualStudioVersion = 10.0.40219.1
Project("{FAE04EC0-301F-11D3-BF4B-00C04F79EFBC}") = "project321", "project321.csproj", "{3273B7C1-8AB7-4070-BD8E-1C4253B3A862}"
EndProject
Global
	GlobalSection(SolutionConfigurationPlatforms) = preSolution
		Debug|Any CPU = Debug|Any CPU
		Release|Any CPU = Release|Any CPU
	EndGlobalSection
	GlobalSection(ProjectConfigurationPlatforms) = postSolution
		{3273B7C1-8AB7-4070-BD8E-1C4253B3A862}.Debug|Any CPU.ActiveCfg = Debug|Any CPU
		{3273B7C1-8AB7-4070-BD8E-1C4253B3A862}.Debug|Any CPU.Build.0 = Debug|Any CPU
		{3273B7C1-8AB7-4070-BD8E-1C4253B3A862}.Release|Any CPU.ActiveCfg = Release|Any CPU
		{3273B7C1-8AB7-4070-BD8E-1C4253B3A862}.Release|Any CPU.Build.0 = Release|Any CPU
	EndGlobalSection
	GlobalSection(SolutionProperties) = preSolution
		HideSolutionNode = FALSE
	EndGlobalSection
	GlobalSection(ExtensibilityGlobals) = postSolution
		SolutionGuid = {06A9724F-11A4-41DF-9BBF-D6BDC5D873D3}
	EndGlobalSection
EndGlobal
